
Microsoft Visual Studio Solution File, Format Version 12.00
# Visual Studio 15
VisualStudioVersion = 15.0.28307.1340
MinimumVisualStudioVersion = 10.0.40219.1
Project("{FAE04EC0-301F-11D3-BF4B-00C04F79EFBC}") = "Deliverable 2 Ism 4300", "Deliverable 2 Ism 4300\Deliverable 2 Ism 4300.csproj", "{E21F5EAF-8CEA-4706-BE5C-23BD54D60F74}"
EndProject
Global
	GlobalSection(SolutionConfigurationPlatforms) = preSolution
		Debug|Any CPU = Debug|Any CPU
		Release|Any CPU = Release|Any CPU
	EndGlobalSection
	GlobalSection(ProjectConfigurationPlatforms) = postSolution
		{E21F5EAF-8CEA-4706-BE5C-23BD54D60F74}.Debug|Any CPU.ActiveCfg = Debug|Any CPU
		{E21F5EAF-8CEA-4706-BE5C-23BD54D60F74}.Debug|Any CPU.Build.0 = Debug|Any CPU
		{E21F5EAF-8CEA-4706-BE5C-23BD54D60F74}.Release|Any CPU.ActiveCfg = Release|Any CPU
		{E21F5EAF-8CEA-4706-BE5C-23BD54D60F74}.Release|Any CPU.Build.0 = Release|Any CPU
	EndGlobalSection
	GlobalSection(SolutionProperties) = preSolution
		HideSolutionNode = FALSE
	EndGlobalSection
	GlobalSection(ExtensibilityGlobals) = postSolution
		SolutionGuid = {C1E6228C-6850-4468-B051-59365E44E845}
	EndGlobalSection
EndGlobal
